
Microsoft Visual Studio Solution File, Format Version 12.00
# Visual Studio Version 16
VisualStudioVersion = 16.0.31112.23
MinimumVisualStudioVersion = 10.0.40219.1
Project("{9A19103F-16F7-4668-BE54-9A1E7A4F7556}") = "DataAccess", "DataAccess\DataAccess.csproj", "{CBCDFAC8-55AB-4836-8C8A-C03C3968950E}"
EndProject
Project("{9A19103F-16F7-4668-BE54-9A1E7A4F7556}") = "Business", "Business\Business.csproj", "{727BF356-BD0C-4AFE-ABEB-2890E35D6F5B}"
EndProject
Project("{9A19103F-16F7-4668-BE54-9A1E7A4F7556}") = "Entities", "Entities\Entities.csproj", "{46B14CD4-E645-4959-ADAE-435DCE67F378}"
EndProject
Project("{9A19103F-16F7-4668-BE54-9A1E7A4F7556}") = "ConsoleUI", "ConsoleUI\ConsoleUI.csproj", "{CBFE560B-642C-42D9-A8ED-58993C2A02C5}"
EndProject
Project("{FAE04EC0-301F-11D3-BF4B-00C04F79EFBC}") = "Core", "Core\Core.csproj", "{B1831A21-F510-435F-B2C4-49EB4EA42A11}"
EndProject
Global
	GlobalSection(SolutionConfigurationPlatforms) = preSolution
		Debug|Any CPU = Debug|Any CPU
		Release|Any CPU = Release|Any CPU
	EndGlobalSection
	GlobalSection(ProjectConfigurationPlatforms) = postSolution
		{CBCDFAC8-55AB-4836-8C8A-C03C3968950E}.Debug|Any CPU.ActiveCfg = Debug|Any CPU
		{CBCDFAC8-55AB-4836-8C8A-C03C3968950E}.Debug|Any CPU.Build.0 = Debug|Any CPU
		{CBCDFAC8-55AB-4836-8C8A-C03C3968950E}.Release|Any CPU.ActiveCfg = Release|Any CPU
		{CBCDFAC8-55AB-4836-8C8A-C03C3968950E}.Release|Any CPU.Build.0 = Release|Any CPU
		{727BF356-BD0C-4AFE-ABEB-2890E35D6F5B}.Debug|Any CPU.ActiveCfg = Debug|Any CPU
		{727BF356-BD0C-4AFE-ABEB-2890E35D6F5B}.Debug|Any CPU.Build.0 = Debug|Any CPU
		{727BF356-BD0C-4AFE-ABEB-2890E35D6F5B}.Release|Any CPU.ActiveCfg = Release|Any CPU
		{727BF356-BD0C-4AFE-ABEB-2890E35D6F5B}.Release|Any CPU.Build.0 = Release|Any CPU
		{46B14CD4-E645-4959-ADAE-435DCE67F378}.Debug|Any CPU.ActiveCfg = Debug|Any CPU
		{46B14CD4-E645-4959-ADAE-435DCE67F378}.Debug|Any CPU.Build.0 = Debug|Any CPU
		{46B14CD4-E645-4959-ADAE-435DCE67F378}.Release|Any CPU.ActiveCfg = Release|Any CPU
		{46B14CD4-E645-4959-ADAE-435DCE67F378}.Release|Any CPU.Build.0 = Release|Any CPU
		{CBFE560B-642C-42D9-A8ED-58993C2A02C5}.Debug|Any CPU.ActiveCfg = Debug|Any CPU
		{CBFE560B-642C-42D9-A8ED-58993C2A02C5}.Debug|Any CPU.Build.0 = Debug|Any CPU
		{CBFE560B-642C-42D9-A8ED-58993C2A02C5}.Release|Any CPU.ActiveCfg = Release|Any CPU
		{CBFE560B-642C-42D9-A8ED-58993C2A02C5}.Release|Any CPU.Build.0 = Release|Any CPU
		{B1831A21-F510-435F-B2C4-49EB4EA42A11}.Debug|Any CPU.ActiveCfg = Debug|Any CPU
		{B1831A21-F510-435F-B2C4-49EB4EA42A11}.Debug|Any CPU.Build.0 = Debug|Any CPU
		{B1831A21-F510-435F-B2C4-49EB4EA42A11}.Release|Any CPU.ActiveCfg = Release|Any CPU
		{B1831A21-F510-435F-B2C4-49EB4EA42A11}.Release|Any CPU.Build.0 = Release|Any CPU
	EndGlobalSection
	GlobalSection(SolutionProperties) = preSolution
		HideSolutionNode = FALSE
	EndGlobalSection
	GlobalSection(ExtensibilityGlobals) = postSolution
		SolutionGuid = {8F78B38C-F60E-419C-8E4A-CFD94B8FCCCE}
	EndGlobalSection
EndGlobal
